{
  "object": {
    "pins": [
      {
        "package": "DatabaseAbstraction",
        "repositoryURL": "https://github.com/bogdanovkv/DatabaseAbstraction",
        "state": {
          "branch": null,
          "revision": "45d3f3955c672c4166e430200e515ed3e902ceb8",
          "version": "1.0.3"
        }
      },
      {
        "package": "LocationRepositoryAbstraction",
        "repositoryURL": "https://github.com/bogdanovkv/LocationRepositoryAbstraction.git",
        "state": {
          "branch": null,
          "revision": "cc0a88275cef876adb1b80f7c0fb8453de252e64",
          "version": "1.1.0"
        }
      },
      {
        "package": "NetworkAbstraction",
        "repositoryURL": "https://github.com/bogdanovkv/NetworkAbstration.git",
        "state": {
          "branch": null,
          "revision": "bc9248116fae94cccc4e95e643a8ea6f027b14af",
          "version": "1.0.3"
        }
      }
    ]
  },
  "version": 1
}
